
Microsoft Visual Studio Solution File, Format Version 12.00
# Visual Studio Version 16
VisualStudioVersion = 16.0.33423.256
MinimumVisualStudioVersion = 10.0.40219.1
Project("{F184B08F-C81C-45F6-A57F-5ABD9991F28F}") = "CharityGift", "CharityGift\CharityGift.vbproj", "{1406243D-D6D4-43A5-9E9E-6DDCD63D3B17}"
EndProject
Global
	GlobalSection(SolutionConfigurationPlatforms) = preSolution
		Debug|Any CPU = Debug|Any CPU
		Release|Any CPU = Release|Any CPU
	EndGlobalSection
	GlobalSection(ProjectConfigurationPlatforms) = postSolution
		{1406243D-D6D4-43A5-9E9E-6DDCD63D3B17}.Debug|Any CPU.ActiveCfg = Debug|Any CPU
		{1406243D-D6D4-43A5-9E9E-6DDCD63D3B17}.Debug|Any CPU.Build.0 = Debug|Any CPU
		{1406243D-D6D4-43A5-9E9E-6DDCD63D3B17}.Release|Any CPU.ActiveCfg = Release|Any CPU
		{1406243D-D6D4-43A5-9E9E-6DDCD63D3B17}.Release|Any CPU.Build.0 = Release|Any CPU
	EndGlobalSection
	GlobalSection(SolutionProperties) = preSolution
		HideSolutionNode = FALSE
	EndGlobalSection
	GlobalSection(ExtensibilityGlobals) = postSolution
		SolutionGuid = {C8E6F6B1-4662-4A22-A5E4-B546872A1C32}
	EndGlobalSection
EndGlobal
